
Microsoft Visual Studio Solution File, Format Version 12.00
# Visual Studio Version 16
VisualStudioVersion = 16.0.29123.88
MinimumVisualStudioVersion = 10.0.40219.1
Project("{FAE04EC0-301F-11D3-BF4B-00C04F79EFBC}") = "SystemIntegration.Web", "SystemIntegration.Web\SystemIntegration.Web.csproj", "{6F6B7087-1255-4EBB-B4E1-CA5FA579F9CB}"
EndProject
Project("{FAE04EC0-301F-11D3-BF4B-00C04F79EFBC}") = "SystemIntegration.Web.Tests", "SystemIntegration.Web.Tests\SystemIntegration.Web.Tests.csproj", "{5F64F26B-5C5C-4FA5-9813-1E71CAE881B5}"
EndProject
Project("{FAE04EC0-301F-11D3-BF4B-00C04F79EFBC}") = "SystemIntegration.Common", "SystemIntegration.Common\SystemIntegration.Common.csproj", "{3D99D81A-0AFE-408A-A65E-C2210FD4B7DB}"
EndProject
Project("{FAE04EC0-301F-11D3-BF4B-00C04F79EFBC}") = "SystemIntegration.Repository", "SystemIntegration.Repository\SystemIntegration.Repository.csproj", "{0F833073-35AE-4113-BD95-CE516EF58E4A}"
EndProject
Project("{FAE04EC0-301F-11D3-BF4B-00C04F79EFBC}") = "SystemIntegration.Models", "SystemIntegration.Models\SystemIntegration.Models.csproj", "{62E7F9F9-3AE9-4422-A2E0-D300373AB282}"
EndProject
Project("{FAE04EC0-301F-11D3-BF4B-00C04F79EFBC}") = "SystemIntegration.Service", "SystemIntegration.Service\SystemIntegration.Service.csproj", "{874FA543-1E1C-4E4B-BBA5-E50AB6ED0AAC}"
EndProject
Global
	GlobalSection(SolutionConfigurationPlatforms) = preSolution
		Debug|Any CPU = Debug|Any CPU
		Release|Any CPU = Release|Any CPU
	EndGlobalSection
	GlobalSection(ProjectConfigurationPlatforms) = postSolution
		{6F6B7087-1255-4EBB-B4E1-CA5FA579F9CB}.Debug|Any CPU.ActiveCfg = Debug|Any CPU
		{6F6B7087-1255-4EBB-B4E1-CA5FA579F9CB}.Debug|Any CPU.Build.0 = Debug|Any CPU
		{6F6B7087-1255-4EBB-B4E1-CA5FA579F9CB}.Release|Any CPU.ActiveCfg = Release|Any CPU
		{6F6B7087-1255-4EBB-B4E1-CA5FA579F9CB}.Release|Any CPU.Build.0 = Release|Any CPU
		{5F64F26B-5C5C-4FA5-9813-1E71CAE881B5}.Debug|Any CPU.ActiveCfg = Debug|Any CPU
		{5F64F26B-5C5C-4FA5-9813-1E71CAE881B5}.Debug|Any CPU.Build.0 = Debug|Any CPU
		{5F64F26B-5C5C-4FA5-9813-1E71CAE881B5}.Release|Any CPU.ActiveCfg = Release|Any CPU
		{5F64F26B-5C5C-4FA5-9813-1E71CAE881B5}.Release|Any CPU.Build.0 = Release|Any CPU
		{3D99D81A-0AFE-408A-A65E-C2210FD4B7DB}.Debug|Any CPU.ActiveCfg = Debug|Any CPU
		{3D99D81A-0AFE-408A-A65E-C2210FD4B7DB}.Debug|Any CPU.Build.0 = Debug|Any CPU
		{3D99D81A-0AFE-408A-A65E-C2210FD4B7DB}.Release|Any CPU.ActiveCfg = Release|Any CPU
		{3D99D81A-0AFE-408A-A65E-C2210FD4B7DB}.Release|Any CPU.Build.0 = Release|Any CPU
		{0F833073-35AE-4113-BD95-CE516EF58E4A}.Debug|Any CPU.ActiveCfg = Debug|Any CPU
		{0F833073-35AE-4113-BD95-CE516EF58E4A}.Debug|Any CPU.Build.0 = Debug|Any CPU
		{0F833073-35AE-4113-BD95-CE516EF58E4A}.Release|Any CPU.ActiveCfg = Release|Any CPU
		{0F833073-35AE-4113-BD95-CE516EF58E4A}.Release|Any CPU.Build.0 = Release|Any CPU
		{62E7F9F9-3AE9-4422-A2E0-D300373AB282}.Debug|Any CPU.ActiveCfg = Debug|Any CPU
		{62E7F9F9-3AE9-4422-A2E0-D300373AB282}.Debug|Any CPU.Build.0 = Debug|Any CPU
		{62E7F9F9-3AE9-4422-A2E0-D300373AB282}.Release|Any CPU.ActiveCfg = Release|Any CPU
		{62E7F9F9-3AE9-4422-A2E0-D300373AB282}.Release|Any CPU.Build.0 = Release|Any CPU
		{874FA543-1E1C-4E4B-BBA5-E50AB6ED0AAC}.Debug|Any CPU.ActiveCfg = Debug|Any CPU
		{874FA543-1E1C-4E4B-BBA5-E50AB6ED0AAC}.Debug|Any CPU.Build.0 = Debug|Any CPU
		{874FA543-1E1C-4E4B-BBA5-E50AB6ED0AAC}.Release|Any CPU.ActiveCfg = Release|Any CPU
		{874FA543-1E1C-4E4B-BBA5-E50AB6ED0AAC}.Release|Any CPU.Build.0 = Release|Any CPU
	EndGlobalSection
	GlobalSection(SolutionProperties) = preSolution
		HideSolutionNode = FALSE
	EndGlobalSection
	GlobalSection(ExtensibilityGlobals) = postSolution
		SolutionGuid = {9572687D-AB7C-48FA-A423-7643EAF9A338}
	EndGlobalSection
EndGlobal
